
Microsoft Visual Studio Solution File, Format Version 12.00
# Visual Studio for Mac
Project("{FAE04EC0-301F-11D3-BF4B-00C04F79EFBC}") = "180510", "Assembly-CSharp.csproj", "{AB2EDC5F-CBA5-CEF0-F285-CF6EB603A21A}"
EndProject
Project("{FAE04EC0-301F-11D3-BF4B-00C04F79EFBC}") = "180510", "Assembly-CSharp-Editor.csproj", "{F94DC6FE-770E-EF21-D612-3CC21137E8E4}"
EndProject
Global
	GlobalSection(SolutionConfigurationPlatforms) = preSolution
		Debug|Any CPU = Debug|Any CPU
		Release|Any CPU = Release|Any CPU
	EndGlobalSection
	GlobalSection(ProjectConfigurationPlatforms) = postSolution
		{AB2EDC5F-CBA5-CEF0-F285-CF6EB603A21A}.Debug|Any CPU.ActiveCfg = Debug|Any CPU
		{AB2EDC5F-CBA5-CEF0-F285-CF6EB603A21A}.Debug|Any CPU.Build.0 = Debug|Any CPU
		{AB2EDC5F-CBA5-CEF0-F285-CF6EB603A21A}.Release|Any CPU.ActiveCfg = Release|Any CPU
		{AB2EDC5F-CBA5-CEF0-F285-CF6EB603A21A}.Release|Any CPU.Build.0 = Release|Any CPU
		{F94DC6FE-770E-EF21-D612-3CC21137E8E4}.Debug|Any CPU.ActiveCfg = Debug|Any CPU
		{F94DC6FE-770E-EF21-D612-3CC21137E8E4}.Debug|Any CPU.Build.0 = Debug|Any CPU
		{F94DC6FE-770E-EF21-D612-3CC21137E8E4}.Release|Any CPU.ActiveCfg = Release|Any CPU
		{F94DC6FE-770E-EF21-D612-3CC21137E8E4}.Release|Any CPU.Build.0 = Release|Any CPU
	EndGlobalSection
	GlobalSection(SolutionProperties) = preSolution
		HideSolutionNode = FALSE
	EndGlobalSection
EndGlobal
